// !$*UTF8*$!
{
	archiveVersion = 1;
	classes = {
	};
	objectVersion = 55;
	objects = {

/* Begin PBXBuildFile section */
		51E52DF028CB197200DD0759 /* AppDelegate.swift in Sources */ = {isa = PBXBuildFile; fileRef = 51E52DEF28CB197200DD0759 /* AppDelegate.swift */; };
		51E52DF228CB197200DD0759 /* SceneDelegate.swift in Sources */ = {isa = PBXBuildFile; fileRef = 51E52DF128CB197200DD0759 /* SceneDelegate.swift */; };
		51E52DF428CB197200DD0759 /* ViewController.swift in Sources */ = {isa = PBXBuildFile; fileRef = 51E52DF328CB197200DD0759 /* ViewController.swift */; };
		51E52DF728CB197200DD0759 /* Main.storyboard in Resources */ = {isa = PBXBuildFile; fileRef = 51E52DF528CB197200DD0759 /* Main.storyboard */; };
		51E52DF928CB197700DD0759 /* Assets.xcassets in Resources */ = {isa = PBXBuildFile; fileRef = 51E52DF828CB197700DD0759 /* Assets.xcassets */; };
		51E52DFC28CB197700DD0759 /* LaunchScreen.storyboard in Resources */ = {isa = PBXBuildFile; fileRef = 51E52DFA28CB197700DD0759 /* LaunchScreen.storyboard */; };
		51E52E0728CB197700DD0759 /* ScrollableMyProfileTests.swift in Sources */ = {isa = PBXBuildFile; fileRef = 51E52E0628CB197700DD0759 /* ScrollableMyProfileTests.swift */; };
		51E52E1128CB197700DD0759 /* ScrollableMyProfileUITests.swift in Sources */ = {isa = PBXBuildFile; fileRef = 51E52E1028CB197700DD0759 /* ScrollableMyProfileUITests.swift */; };
		51E52E1328CB197700DD0759 /* ScrollableMyProfileUITestsLaunchTests.swift in Sources */ = {isa = PBXBuildFile; fileRef = 51E52E1228CB197700DD0759 /* ScrollableMyProfileUITestsLaunchTests.swift */; };
/* End PBXBuildFile section */

/* Begin PBXContainerItemProxy section */
		51E52E0328CB197700DD0759 /* PBXContainerItemProxy */ = {
			isa = PBXContainerItemProxy;
			containerPortal = 51E52DE428CB197200DD0759 /* Project object */;
			proxyType = 1;
			remoteGlobalIDString = 51E52DEB28CB197200DD0759;
			remoteInfo = ScrollableMyProfile;
		};
		51E52E0D28CB197700DD0759 /* PBXContainerItemProxy */ = {
			isa = PBXContainerItemProxy;
			containerPortal = 51E52DE428CB197200DD0759 /* Project object */;
			proxyType = 1;
			remoteGlobalIDString = 51E52DEB28CB197200DD0759;
			remoteInfo = ScrollableMyProfile;
		};
/* End PBXContainerItemProxy section */

/* Begin PBXFileReference section */
		51E52DEC28CB197200DD0759 /* ScrollableMyProfile.app */ = {isa = PBXFileReference; explicitFileType = wrapper.application; includeInIndex = 0; path = ScrollableMyProfile.app; sourceTree = BUILT_PRODUCTS_DIR; };
		51E52DEF28CB197200DD0759 /* AppDelegate.swift */ = {isa = PBXFileReference; lastKnownFileType = sourcecode.swift; path = AppDelegate.swift; sourceTree = "<group>"; };
		51E52DF128CB197200DD0759 /* SceneDelegate.swift */ = {isa = PBXFileReference; lastKnownFileType = sourcecode.swift; path = SceneDelegate.swift; sourceTree = "<group>"; };
		51E52DF328CB197200DD0759 /* ViewController.swift */ = {isa = PBXFileReference; lastKnownFileType = sourcecode.swift; path = ViewController.swift; sourceTree = "<group>"; };
		51E52DF628CB197200DD0759 /* Base */ = {isa = PBXFileReference; lastKnownFileType = file.storyboard; name = Base; path = Base.lproj/Main.storyboard; sourceTree = "<group>"; };
		51E52DF828CB197700DD0759 /* Assets.xcassets */ = {isa = PBXFileReference; lastKnownFileType = folder.assetcatalog; path = Assets.xcassets; sourceTree = "<group>"; };
		51E52DFB28CB197700DD0759 /* Base */ = {isa = PBXFileReference; lastKnownFileType = file.storyboard; name = Base; path = Base.lproj/LaunchScreen.storyboard; sourceTree = "<group>"; };
		51E52DFD28CB197700DD0759 /* Info.plist */ = {isa = PBXFileReference; lastKnownFileType = text.plist.xml; path = Info.plist; sourceTree = "<group>"; };
		51E52E0228CB197700DD0759 /* ScrollableMyProfileTests.xctest */ = {isa = PBXFileReference; explicitFileType = wrapper.cfbundle; includeInIndex = 0; path = ScrollableMyProfileTests.xctest; sourceTree = BUILT_PRODUCTS_DIR; };
		51E52E0628CB197700DD0759 /* ScrollableMyProfileTests.swift */ = {isa = PBXFileReference; lastKnownFileType = sourcecode.swift; path = ScrollableMyProfileTests.swift; sourceTree = "<group>"; };
		51E52E0C28CB197700DD0759 /* ScrollableMyProfileUITests.xctest */ = {isa = PBXFileReference; explicitFileType = wrapper.cfbundle; includeInIndex = 0; path = ScrollableMyProfileUITests.xctest; sourceTree = BUILT_PRODUCTS_DIR; };
		51E52E1028CB197700DD0759 /* ScrollableMyProfileUITests.swift */ = {isa = PBXFileReference; lastKnownFileType = sourcecode.swift; path = ScrollableMyProfileUITests.swift; sourceTree = "<group>"; };
		51E52E1228CB197700DD0759 /* ScrollableMyProfileUITestsLaunchTests.swift */ = {isa = PBXFileReference; lastKnownFileType = sourcecode.swift; path = ScrollableMyProfileUITestsLaunchTests.swift; sourceTree = "<group>"; };
/* End PBXFileReference section */

/* Begin PBXFrameworksBuildPhase section */
		51E52DE928CB197200DD0759 /* Frameworks */ = {
			isa = PBXFrameworksBuildPhase;
			buildActionMask = 2147483647;
			files = (
			);
			runOnlyForDeploymentPostprocessing = 0;
		};
		51E52DFF28CB197700DD0759 /* Frameworks */ = {
			isa = PBXFrameworksBuildPhase;
			buildActionMask = 2147483647;
			files = (
			);
			runOnlyForDeploymentPostprocessing = 0;
		};
		51E52E0928CB197700DD0759 /* Frameworks */ = {
			isa = PBXFrameworksBuildPhase;
			buildActionMask = 2147483647;
			files = (
			);
			runOnlyForDeploymentPostprocessing = 0;
		};
/* End PBXFrameworksBuildPhase section */

/* Begin PBXGroup section */
		51E52DE328CB197200DD0759 = {
			isa = PBXGroup;
			children = (
				51E52DEE28CB197200DD0759 /* ScrollableMyProfile */,
				51E52E0528CB197700DD0759 /* ScrollableMyProfileTests */,
				51E52E0F28CB197700DD0759 /* ScrollableMyProfileUITests */,
				51E52DED28CB197200DD0759 /* Products */,
			);
			sourceTree = "<group>";
		};
		51E52DED28CB197200DD0759 /* Products */ = {
			isa = PBXGroup;
			children = (
				51E52DEC28CB197200DD0759 /* ScrollableMyProfile.app */,
				51E52E0228CB197700DD0759 /* ScrollableMyProfileTests.xctest */,
				51E52E0C28CB197700DD0759 /* ScrollableMyProfileUITests.xctest */,
			);
			name = Products;
			sourceTree = "<group>";
		};
		51E52DEE28CB197200DD0759 /* ScrollableMyProfile */ = {
			isa = PBXGroup;
			children = (
				51E52DEF28CB197200DD0759 /* AppDelegate.swift */,
				51E52DF128CB197200DD0759 /* SceneDelegate.swift */,
				51E52DF328CB197200DD0759 /* ViewController.swift */,
				51E52DF528CB197200DD0759 /* Main.storyboard */,
				51E52DF828CB197700DD0759 /* Assets.xcassets */,
				51E52DFA28CB197700DD0759 /* LaunchScreen.storyboard */,
				51E52DFD28CB197700DD0759 /* Info.plist */,
			);
			path = ScrollableMyProfile;
			sourceTree = "<group>";
		};
		51E52E0528CB197700DD0759 /* ScrollableMyProfileTests */ = {
			isa = PBXGroup;
			children = (
				51E52E0628CB197700DD0759 /* ScrollableMyProfileTests.swift */,
			);
			path = ScrollableMyProfileTests;
			sourceTree = "<group>";
		};
		51E52E0F28CB197700DD0759 /* ScrollableMyProfileUITests */ = {
			isa = PBXGroup;
			children = (
				51E52E1028CB197700DD0759 /* ScrollableMyProfileUITests.swift */,
				51E52E1228CB197700DD0759 /* ScrollableMyProfileUITestsLaunchTests.swift */,
			);
			path = ScrollableMyProfileUITests;
			sourceTree = "<group>";
		};
/* End PBXGroup section */

/* Begin PBXNativeTarget section */
		51E52DEB28CB197200DD0759 /* ScrollableMyProfile */ = {
			isa = PBXNativeTarget;
			buildConfigurationList = 51E52E1628CB197700DD0759 /* Build configuration list for PBXNativeTarget "ScrollableMyProfile" */;
			buildPhases = (
				51E52DE828CB197200DD0759 /* Sources */,
				51E52DE928CB197200DD0759 /* Frameworks */,
				51E52DEA28CB197200DD0759 /* Resources */,
			);
			buildRules = (
			);
			dependencies = (
			);
			name = ScrollableMyProfile;
			productName = ScrollableMyProfile;
			productReference = 51E52DEC28CB197200DD0759 /* ScrollableMyProfile.app */;
			productType = "com.apple.product-type.application";
		};
		51E52E0128CB197700DD0759 /* ScrollableMyProfileTests */ = {
			isa = PBXNativeTarget;
			buildConfigurationList = 51E52E1928CB197700DD0759 /* Build configuration list for PBXNativeTarget "ScrollableMyProfileTests" */;
			buildPhases = (
				51E52DFE28CB197700DD0759 /* Sources */,
				51E52DFF28CB197700DD0759 /* Frameworks */,
				51E52E0028CB197700DD0759 /* Resources */,
			);
			buildRules = (
			);
			dependencies = (
				51E52E0428CB197700DD0759 /* PBXTargetDependency */,
			);
			name = ScrollableMyProfileTests;
			productName = ScrollableMyProfileTests;
			productReference = 51E52E0228CB197700DD0759 /* ScrollableMyProfileTests.xctest */;
			productType = "com.apple.product-type.bundle.unit-test";
		};
		51E52E0B28CB197700DD0759 /* ScrollableMyProfileUITests */ = {
			isa = PBXNativeTarget;
			buildConfigurationList = 51E52E1C28CB197700DD0759 /* Build configuration list for PBXNativeTarget "ScrollableMyProfileUITests" */;
			buildPhases = (
				51E52E0828CB197700DD0759 /* Sources */,
				51E52E0928CB197700DD0759 /* Frameworks */,
				51E52E0A28CB197700DD0759 /* Resources */,
			);
			buildRules = (
			);
			dependencies = (
				51E52E0E28CB197700DD0759 /* PBXTargetDependency */,
			);
			name = ScrollableMyProfileUITests;
			productName = ScrollableMyProfileUITests;
			productReference = 51E52E0C28CB197700DD0759 /* ScrollableMyProfileUITests.xctest */;
			productType = "com.apple.product-type.bundle.ui-testing";
		};
/* End PBXNativeTarget section */

/* Begin PBXProject section */
		51E52DE428CB197200DD0759 /* Project object */ = {
			isa = PBXProject;
			attributes = {
				BuildIndependentTargetsInParallel = 1;
				LastSwiftUpdateCheck = 1340;
				LastUpgradeCheck = 1340;
				TargetAttributes = {
					51E52DEB28CB197200DD0759 = {
						CreatedOnToolsVersion = 13.4.1;
					};
					51E52E0128CB197700DD0759 = {
						CreatedOnToolsVersion = 13.4.1;
						TestTargetID = 51E52DEB28CB197200DD0759;
					};
					51E52E0B28CB197700DD0759 = {
						CreatedOnToolsVersion = 13.4.1;
						TestTargetID = 51E52DEB28CB197200DD0759;
					};
				};
			};
			buildConfigurationList = 51E52DE728CB197200DD0759 /* Build configuration list for PBXProject "ScrollableMyProfile" */;
			compatibilityVersion = "Xcode 13.0";
			developmentRegion = en;
			hasScannedForEncodings = 0;
			knownRegions = (
				en,
				Base,
			);
			mainGroup = 51E52DE328CB197200DD0759;
			productRefGroup = 51E52DED28CB197200DD0759 /* Products */;
			projectDirPath = "";
			projectRoot = "";
			targets = (
				51E52DEB28CB197200DD0759 /* ScrollableMyProfile */,
				51E52E0128CB197700DD0759 /* ScrollableMyProfileTests */,
				51E52E0B28CB197700DD0759 /* ScrollableMyProfileUITests */,
			);
		};
/* End PBXProject section */

/* Begin PBXResourcesBuildPhase section */
		51E52DEA28CB197200DD0759 /* Resources */ = {
			isa = PBXResourcesBuildPhase;
			buildActionMask = 2147483647;
			files = (
				51E52DFC28CB197700DD0759 /* LaunchScreen.storyboard in Resources */,
				51E52DF928CB197700DD0759 /* Assets.xcassets in Resources */,
				51E52DF728CB197200DD0759 /* Main.storyboard in Resources */,
			);
			runOnlyForDeploymentPostprocessing = 0;
		};
		51E52E0028CB197700DD0759 /* Resources */ = {
			isa = PBXResourcesBuildPhase;
			buildActionMask = 2147483647;
			files = (
			);
			runOnlyForDeploymentPostprocessing = 0;
		};
		51E52E0A28CB197700DD0759 /* Resources */ = {
			isa = PBXResourcesBuildPhase;
			buildActionMask = 2147483647;
			files = (
			);
			runOnlyForDeploymentPostprocessing = 0;
		};
/* End PBXResourcesBuildPhase section */

/* Begin PBXSourcesBuildPhase section */
		51E52DE828CB197200DD0759 /* Sources */ = {
			isa = PBXSourcesBuildPhase;
			buildActionMask = 2147483647;
			files = (
				51E52DF428CB197200DD0759 /* ViewController.swift in Sources */,
				51E52DF028CB197200DD0759 /* AppDelegate.swift in Sources */,
				51E52DF228CB197200DD0759 /* SceneDelegate.swift in Sources */,
			);
			runOnlyForDeploymentPostprocessing = 0;
		};
		51E52DFE28CB197700DD0759 /* Sources */ = {
			isa = PBXSourcesBuildPhase;
			buildActionMask = 2147483647;
			files = (
				51E52E0728CB197700DD0759 /* ScrollableMyProfileTests.swift in Sources */,
			);
			runOnlyForDeploymentPostprocessing = 0;
		};
		51E52E0828CB197700DD0759 /* Sources */ = {
			isa = PBXSourcesBuildPhase;
			buildActionMask = 2147483647;
			files = (
				51E52E1128CB197700DD0759 /* ScrollableMyProfileUITests.swift in Sources */,
				51E52E1328CB197700DD0759 /* ScrollableMyProfileUITestsLaunchTests.swift in Sources */,
			);
			runOnlyForDeploymentPostprocessing = 0;
		};
/* End PBXSourcesBuildPhase section */

/* Begin PBXTargetDependency section */
		51E52E0428CB197700DD0759 /* PBXTargetDependency */ = {
			isa = PBXTargetDependency;
			target = 51E52DEB28CB197200DD0759 /* ScrollableMyProfile */;
			targetProxy = 51E52E0328CB197700DD0759 /* PBXContainerItemProxy */;
		};
		51E52E0E28CB197700DD0759 /* PBXTargetDependency */ = {
			isa = PBXTargetDependency;
			target = 51E52DEB28CB197200DD0759 /* ScrollableMyProfile */;
			targetProxy = 51E52E0D28CB197700DD0759 /* PBXContainerItemProxy */;
		};
/* End PBXTargetDependency section */

/* Begin PBXVariantGroup section */
		51E52DF528CB197200DD0759 /* Main.storyboard */ = {
			isa = PBXVariantGroup;
			children = (
				51E52DF628CB197200DD0759 /* Base */,
			);
			name = Main.storyboard;
			sourceTree = "<group>";
		};
		51E52DFA28CB197700DD0759 /* LaunchScreen.storyboard */ = {
			isa = PBXVariantGroup;
			children = (
				51E52DFB28CB197700DD0759 /* Base */,
			);
			name = LaunchScreen.storyboard;
			sourceTree = "<group>";
		};
/* End PBXVariantGroup section */

/* Begin XCBuildConfiguration section */
		51E52E1428CB197700DD0759 /* Debug */ = {
			isa = XCBuildConfiguration;
			buildSettings = {
				ALWAYS_SEARCH_USER_PATHS = NO;
				CLANG_ANALYZER_NONNULL = YES;
				CLANG_ANALYZER_NUMBER_OBJECT_CONVERSION = YES_AGGRESSIVE;
				CLANG_CXX_LANGUAGE_STANDARD = "gnu++17";
				CLANG_ENABLE_MODULES = YES;
				CLANG_ENABLE_OBJC_ARC = YES;
				CLANG_ENABLE_OBJC_WEAK = YES;
				CLANG_WARN_BLOCK_CAPTURE_AUTORELEASING = YES;
				CLANG_WARN_BOOL_CONVERSION = YES;
				CLANG_WARN_COMMA = YES;
				CLANG_WARN_CONSTANT_CONVERSION = YES;
				CLANG_WARN_DEPRECATED_OBJC_IMPLEMENTATIONS = YES;
				CLANG_WARN_DIRECT_OBJC_ISA_USAGE = YES_ERROR;
				CLANG_WARN_DOCUMENTATION_COMMENTS = YES;
				CLANG_WARN_EMPTY_BODY = YES;
				CLANG_WARN_ENUM_CONVERSION = YES;
				CLANG_WARN_INFINITE_RECURSION = YES;
				CLANG_WARN_INT_CONVERSION = YES;
				CLANG_WARN_NON_LITERAL_NULL_CONVERSION = YES;
				CLANG_WARN_OBJC_IMPLICIT_RETAIN_SELF = YES;
				CLANG_WARN_OBJC_LITERAL_CONVERSION = YES;
				CLANG_WARN_OBJC_ROOT_CLASS = YES_ERROR;
				CLANG_WARN_QUOTED_INCLUDE_IN_FRAMEWORK_HEADER = YES;
				CLANG_WARN_RANGE_LOOP_ANALYSIS = YES;
				CLANG_WARN_STRICT_PROTOTYPES = YES;
				CLANG_WARN_SUSPICIOUS_MOVE = YES;
				CLANG_WARN_UNGUARDED_AVAILABILITY = YES_AGGRESSIVE;
				CLANG_WARN_UNREACHABLE_CODE = YES;
				CLANG_WARN__DUPLICATE_METHOD_MATCH = YES;
				COPY_PHASE_STRIP = NO;
				DEBUG_INFORMATION_FORMAT = dwarf;
				ENABLE_STRICT_OBJC_MSGSEND = YES;
				ENABLE_TESTABILITY = YES;
				GCC_C_LANGUAGE_STANDARD = gnu11;
				GCC_DYNAMIC_NO_PIC = NO;
				GCC_NO_COMMON_BLOCKS = YES;
				GCC_OPTIMIZATION_LEVEL = 0;
				GCC_PREPROCESSOR_DEFINITIONS = (
					"DEBUG=1",
					"$(inherited)",
				);
				GCC_WARN_64_TO_32_BIT_CONVERSION = YES;
				GCC_WARN_ABOUT_RETURN_TYPE = YES_ERROR;
				GCC_WARN_UNDECLARED_SELECTOR = YES;
				GCC_WARN_UNINITIALIZED_AUTOS = YES_AGGRESSIVE;
				GCC_WARN_UNUSED_FUNCTION = YES;
				GCC_WARN_UNUSED_VARIABLE = YES;
				IPHONEOS_DEPLOYMENT_TARGET = 15.5;
				MTL_ENABLE_DEBUG_INFO = INCLUDE_SOURCE;
				MTL_FAST_MATH = YES;
				ONLY_ACTIVE_ARCH = YES;
				SDKROOT = iphoneos;
				SWIFT_ACTIVE_COMPILATION_CONDITIONS = DEBUG;
				SWIFT_OPTIMIZATION_LEVEL = "-Onone";
			};
			name = Debug;
		};
		51E52E1528CB197700DD0759 /* Release */ = {
			isa = XCBuildConfiguration;
			buildSettings = {
				ALWAYS_SEARCH_USER_PATHS = NO;
				CLANG_ANALYZER_NONNULL = YES;
				CLANG_ANALYZER_NUMBER_OBJECT_CONVERSION = YES_AGGRESSIVE;
				CLANG_CXX_LANGUAGE_STANDARD = "gnu++17";
				CLANG_ENABLE_MODULES = YES;
				CLANG_ENABLE_OBJC_ARC = YES;
				CLANG_ENABLE_OBJC_WEAK = YES;
				CLANG_WARN_BLOCK_CAPTURE_AUTORELEASING = YES;
				CLANG_WARN_BOOL_CONVERSION = YES;
				CLANG_WARN_COMMA = YES;
				CLANG_WARN_CONSTANT_CONVERSION = YES;
				CLANG_WARN_DEPRECATED_OBJC_IMPLEMENTATIONS = YES;
				CLANG_WARN_DIRECT_OBJC_ISA_USAGE = YES_ERROR;
				CLANG_WARN_DOCUMENTATION_COMMENTS = YES;
				CLANG_WARN_EMPTY_BODY = YES;
				CLANG_WARN_ENUM_CONVERSION = YES;
				CLANG_WARN_INFINITE_RECURSION = YES;
				CLANG_WARN_INT_CONVERSION = YES;
				CLANG_WARN_NON_LITERAL_NULL_CONVERSION = YES;
				CLANG_WARN_OBJC_IMPLICIT_RETAIN_SELF = YES;
				CLANG_WARN_OBJC_LITERAL_CONVERSION = YES;
				CLANG_WARN_OBJC_ROOT_CLASS = YES_ERROR;
				CLANG_WARN_QUOTED_INCLUDE_IN_FRAMEWORK_HEADER = YES;
				CLANG_WARN_RANGE_LOOP_ANALYSIS = YES;
				CLANG_WARN_STRICT_PROTOTYPES = YES;
				CLANG_WARN_SUSPICIOUS_MOVE = YES;
				CLANG_WARN_UNGUARDED_AVAILABILITY = YES_AGGRESSIVE;
				CLANG_WARN_UNREACHABLE_CODE = YES;
				CLANG_WARN__DUPLICATE_METHOD_MATCH = YES;
				COPY_PHASE_STRIP = NO;
				DEBUG_INFORMATION_FORMAT = "dwarf-with-dsym";
				ENABLE_NS_ASSERTIONS = NO;
				ENABLE_STRICT_OBJC_MSGSEND = YES;
				GCC_C_LANGUAGE_STANDARD = gnu11;
				GCC_NO_COMMON_BLOCKS = YES;
				GCC_WARN_64_TO_32_BIT_CONVERSION = YES;
				GCC_WARN_ABOUT_RETURN_TYPE = YES_ERROR;
				GCC_WARN_UNDECLARED_SELECTOR = YES;
				GCC_WARN_UNINITIALIZED_AUTOS = YES_AGGRESSIVE;
				GCC_WARN_UNUSED_FUNCTION = YES;
				GCC_WARN_UNUSED_VARIABLE = YES;
				IPHONEOS_DEPLOYMENT_TARGET = 15.5;
				MTL_ENABLE_DEBUG_INFO = NO;
				MTL_FAST_MATH = YES;
				SDKROOT = iphoneos;
				SWIFT_COMPILATION_MODE = wholemodule;
				SWIFT_OPTIMIZATION_LEVEL = "-O";
				VALIDATE_PRODUCT = YES;
			};
			name = Release;
		};
		51E52E1728CB197700DD0759 /* Debug */ = {
			isa = XCBuildConfiguration;
			buildSettings = {
				ASSETCATALOG_COMPILER_APPICON_NAME = AppIcon;
				ASSETCATALOG_COMPILER_GLOBAL_ACCENT_COLOR_NAME = AccentColor;
				CODE_SIGN_STYLE = Automatic;
				CURRENT_PROJECT_VERSION = 1;
				DEVELOPMENT_TEAM = M5JCS9BP69;
				GENERATE_INFOPLIST_FILE = YES;
				INFOPLIST_FILE = ScrollableMyProfile/Info.plist;
				INFOPLIST_KEY_UIApplicationSupportsIndirectInputEvents = YES;
				INFOPLIST_KEY_UILaunchStoryboardName = LaunchScreen;
				INFOPLIST_KEY_UIMainStoryboardFile = Main;
				INFOPLIST_KEY_UISupportedInterfaceOrientations_iPad = "UIInterfaceOrientationPortrait UIInterfaceOrientationPortraitUpsideDown UIInterfaceOrientationLandscapeLeft UIInterfaceOrientationLandscapeRight";
				INFOPLIST_KEY_UISupportedInterfaceOrientations_iPhone = "UIInterfaceOrientationPortrait UIInterfaceOrientationLandscapeLeft UIInterfaceOrientationLandscapeRight";
				LD_RUNPATH_SEARCH_PATHS = (
					"$(inherited)",
					"@executable_path/Frameworks",
				);
				MARKETING_VERSION = 1.0;
				PRODUCT_BUNDLE_IDENTIFIER = com.salehmasum.ScrollableMyProfile;
				PRODUCT_NAME = "$(TARGET_NAME)";
				SWIFT_EMIT_LOC_STRINGS = YES;
				SWIFT_VERSION = 5.0;
				TARGETED_DEVICE_FAMILY = "1,2";
			};
			name = Debug;
		};
		51E52E1828CB197700DD0759 /* Release */ = {
			isa = XCBuildConfiguration;
			buildSettings = {
				ASSETCATALOG_COMPILER_APPICON_NAME = AppIcon;
				ASSETCATALOG_COMPILER_GLOBAL_ACCENT_COLOR_NAME = AccentColor;
				CODE_SIGN_STYLE = Automatic;
				CURRENT_PROJECT_VERSION = 1;
				DEVELOPMENT_TEAM = M5JCS9BP69;
				GENERATE_INFOPLIST_FILE = YES;
				INFOPLIST_FILE = ScrollableMyProfile/Info.plist;
				INFOPLIST_KEY_UIApplicationSupportsIndirectInputEvents = YES;
				INFOPLIST_KEY_UILaunchStoryboardName = LaunchScreen;
				INFOPLIST_KEY_UIMainStoryboardFile = Main;
				INFOPLIST_KEY_UISupportedInterfaceOrientations_iPad = "UIInterfaceOrientationPortrait UIInterfaceOrientationPortraitUpsideDown UIInterfaceOrientationLandscapeLeft UIInterfaceOrientationLandscapeRight";
				INFOPLIST_KEY_UISupportedInterfaceOrientations_iPhone = "UIInterfaceOrientationPortrait UIInterfaceOrientationLandscapeLeft UIInterfaceOrientationLandscapeRight";
				LD_RUNPATH_SEARCH_PATHS = (
					"$(inherited)",
					"@executable_path/Frameworks",
				);
				MARKETING_VERSION = 1.0;
				PRODUCT_BUNDLE_IDENTIFIER = com.salehmasum.ScrollableMyProfile;
				PRODUCT_NAME = "$(TARGET_NAME)";
				SWIFT_EMIT_LOC_STRINGS = YES;
				SWIFT_VERSION = 5.0;
				TARGETED_DEVICE_FAMILY = "1,2";
			};
			name = Release;
		};
		51E52E1A28CB197700DD0759 /* Debug */ = {
			isa = XCBuildConfiguration;
			buildSettings = {
				ALWAYS_EMBED_SWIFT_STANDARD_LIBRARIES = YES;
				BUNDLE_LOADER = "$(TEST_HOST)";
				CODE_SIGN_STYLE = Automatic;
				CURRENT_PROJECT_VERSION = 1;
				DEVELOPMENT_TEAM = M5JCS9BP69;
				GENERATE_INFOPLIST_FILE = YES;
				IPHONEOS_DEPLOYMENT_TARGET = 15.5;
				MARKETING_VERSION = 1.0;
				PRODUCT_BUNDLE_IDENTIFIER = com.salehmasum.ScrollableMyProfileTests;
				PRODUCT_NAME = "$(TARGET_NAME)";
				SWIFT_EMIT_LOC_STRINGS = NO;
				SWIFT_VERSION = 5.0;
				TARGETED_DEVICE_FAMILY = "1,2";
				TEST_HOST = "$(BUILT_PRODUCTS_DIR)/ScrollableMyProfile.app/ScrollableMyProfile";
			};
			name = Debug;
		};
		51E52E1B28CB197700DD0759 /* Release */ = {
			isa = XCBuildConfiguration;
			buildSettings = {
				ALWAYS_EMBED_SWIFT_STANDARD_LIBRARIES = YES;
				BUNDLE_LOADER = "$(TEST_HOST)";
				CODE_SIGN_STYLE = Automatic;
				CURRENT_PROJECT_VERSION = 1;
				DEVELOPMENT_TEAM = M5JCS9BP69;
				GENERATE_INFOPLIST_FILE = YES;
				IPHONEOS_DEPLOYMENT_TARGET = 15.5;
				MARKETING_VERSION = 1.0;
				PRODUCT_BUNDLE_IDENTIFIER = com.salehmasum.ScrollableMyProfileTests;
				PRODUCT_NAME = "$(TARGET_NAME)";
				SWIFT_EMIT_LOC_STRINGS = NO;
				SWIFT_VERSION = 5.0;
				TARGETED_DEVICE_FAMILY = "1,2";
				TEST_HOST = "$(BUILT_PRODUCTS_DIR)/ScrollableMyProfile.app/ScrollableMyProfile";
			};
			name = Release;
		};
		51E52E1D28CB197700DD0759 /* Debug */ = {
			isa = XCBuildConfiguration;
			buildSettings = {
				ALWAYS_EMBED_SWIFT_STANDARD_LIBRARIES = YES;
				CODE_SIGN_STYLE = Automatic;
				CURRENT_PROJECT_VERSION = 1;
				DEVELOPMENT_TEAM = M5JCS9BP69;
				GENERATE_INFOPLIST_FILE = YES;
				MARKETING_VERSION = 1.0;
				PRODUCT_BUNDLE_IDENTIFIER = com.salehmasum.ScrollableMyProfileUITests;
				PRODUCT_NAME = "$(TARGET_NAME)";
				SWIFT_EMIT_LOC_STRINGS = NO;
				SWIFT_VERSION = 5.0;
				TARGETED_DEVICE_FAMILY = "1,2";
				TEST_TARGET_NAME = ScrollableMyProfile;
			};
			name = Debug;
		};
		51E52E1E28CB197700DD0759 /* Release */ = {
			isa = XCBuildConfiguration;
			buildSettings = {
				ALWAYS_EMBED_SWIFT_STANDARD_LIBRARIES = YES;
				CODE_SIGN_STYLE = Automatic;
				CURRENT_PROJECT_VERSION = 1;
				DEVELOPMENT_TEAM = M5JCS9BP69;
				GENERATE_INFOPLIST_FILE = YES;
				MARKETING_VERSION = 1.0;
				PRODUCT_BUNDLE_IDENTIFIER = com.salehmasum.ScrollableMyProfileUITests;
				PRODUCT_NAME = "$(TARGET_NAME)";
				SWIFT_EMIT_LOC_STRINGS = NO;
				SWIFT_VERSION = 5.0;
				TARGETED_DEVICE_FAMILY = "1,2";
				TEST_TARGET_NAME = ScrollableMyProfile;
			};
			name = Release;
		};
/* End XCBuildConfiguration section */

/* Begin XCConfigurationList section */
		51E52DE728CB197200DD0759 /* Build configuration list for PBXProject "ScrollableMyProfile" */ = {
			isa = XCConfigurationList;
			buildConfigurations = (
				51E52E1428CB197700DD0759 /* Debug */,
				51E52E1528CB197700DD0759 /* Release */,
			);
			defaultConfigurationIsVisible = 0;
			defaultConfigurationName = Release;
		};
		51E52E1628CB197700DD0759 /* Build configuration list for PBXNativeTarget "ScrollableMyProfile" */ = {
			isa = XCConfigurationList;
			buildConfigurations = (
				51E52E1728CB197700DD0759 /* Debug */,
				51E52E1828CB197700DD0759 /* Release */,
			);
			defaultConfigurationIsVisible = 0;
			defaultConfigurationName = Release;
		};
		51E52E1928CB197700DD0759 /* Build configuration list for PBXNativeTarget "ScrollableMyProfileTests" */ = {
			isa = XCConfigurationList;
			buildConfigurations = (
				51E52E1A28CB197700DD0759 /* Debug */,
				51E52E1B28CB197700DD0759 /* Release */,
			);
			defaultConfigurationIsVisible = 0;
			defaultConfigurationName = Release;
		};
		51E52E1C28CB197700DD0759 /* Build configuration list for PBXNativeTarget "ScrollableMyProfileUITests" */ = {
			isa = XCConfigurationList;
			buildConfigurations = (
				51E52E1D28CB197700DD0759 /* Debug */,
				51E52E1E28CB197700DD0759 /* Release */,
			);
			defaultConfigurationIsVisible = 0;
			defaultConfigurationName = Release;
		};
/* End XCConfigurationList section */
	};
	rootObject = 51E52DE428CB197200DD0759 /* Project object */;
}
